<?xml version="1.0" encoding="utf-8"?>
<Project ToolsVersion="4.0" xmlns="http://schemas.microsoft.com/developer/msbuild/2003">
  <ItemGroup>
    <Filter Include="Source Files">
      <UniqueIdentifier>{4FC737F1-C7A5-4376-A066-2A32D752A2FF}</UniqueIdentifier>
      <Extensions>cpp;c;cc;cxx;def;odl;idl;hpj;bat;asm;asmx</Extensions>
    </Filter>
    <Filter Include="Header Files">
      <UniqueIdentifier>{93995380-89BD-4b04-88EB-625FBE52EBFB}</UniqueIdentifier>
      <Extensions>h;hh;hpp;hxx;hm;inl;inc;xsd</Extensions>
    </Filter>
    <Filter Include="Resource Files">
      <UniqueIdentifier>{67DA6AB6-F800-4c08-8B7A-83BB121AAD01}</UniqueIdentifier>
      <Extensions>rc;ico;cur;bmp;dlg;rc2;rct;bin;rgs;gif;jpg;jpeg;jpe;resx;tiff;tif;png;wav</Extensions>
    </Filter>
  </ItemGroup>
  <ItemGroup>
    <ClCompile Include="src\main.cc">
      <Filter>Source Files</Filter>
    </ClCompile>
    <ClCompile Include="src\KernelLaunchParams.cpp">
      <Filter>Source Files</Filter>
    </ClCompile>
    <ClCompile Include="src\Config.cpp">
      <Filter>Source Files</Filter>
    </ClCompile>
    <ClCompile Include="src\CameraConfig.cpp">
      <Filter>Source Files</Filter>
    </ClCompile>
    <ClCompile Include="src\RayTracerConfig.cpp">
      <Filter>Source Files</Filter>
    </ClCompile>
  </ItemGroup>
  <ItemGroup>
    <ClInclude Include="include\palette.h">
      <Filter>Header Files</Filter>
    </ClInclude>
    <ClInclude Include="src\mat3.h">
      <Filter>Header Files</Filter>
    </ClInclude>
    <ClInclude Include="src\visibles\visible.h">
      <Filter>Header Files</Filter>
    </ClInclude>
    <ClInclude Include="src\visibles\CUDASphere.cuh" />
    <ClInclude Include="src\visibles\CUDAVisible.cuh" />
    <ClInclude Include="src\Intersection.h">
      <Filter>Header Files</Filter>
    </ClInclude>
    <ClInclude Include="src\Error.cuh" />
    <ClInclude Include="src\Managed.cuh" />
    <ClInclude Include="src\Scenes.h">
      <Filter>Header Files</Filter>
    </ClInclude>
    <ClInclude Include="include\json.hpp">
      <Filter>Header Files</Filter>
    </ClInclude>
    <ClInclude Include="src\visibles\Triangle.cuh" />
    <ClInclude Include="src\visibles\Mesh.cuh" />
    <ClInclude Include="src\Array.cuh" />
    <ClInclude Include="src\visibles\TriangleView.cuh" />
    <ClInclude Include="src\UnifiedArray.cuh" />
    <ClInclude Include="src\test_kernel.cuh" />
    <ClInclude Include="src\KernelLaunchParams.h">
      <Filter>Header Files</Filter>
    </ClInclude>
    <ClInclude Include="src\Config.h">
      <Filter>Header Files</Filter>
    </ClInclude>
    <ClInclude Include="src\CameraConfig.h">
      <Filter>Header Files</Filter>
    </ClInclude>
    <ClInclude Include="src\RayTracerConfig.h">
      <Filter>Header Files</Filter>
    </ClInclude>
    <ClInclude Include="src\CUDAAllocator.h">
      <Filter>Header Files</Filter>
    </ClInclude>
    <ClInclude Include="src\vec3.cuh">
      <Filter>Header Files</Filter>
    </ClInclude>
    <ClInclude Include="src\ManagedPtr.h" />
    <ClInclude Include="src\GPURayTracerKernels.cuh" />
  </ItemGroup>
  <ItemGroup>
    <CudaCompile Include="src\visibles\CUDASphere.cu" />
    <CudaCompile Include="src\GPURayTracer.cu">
      <Filter>Source Files</Filter>
    </CudaCompile>
    <CudaCompile Include="src\GPURayTracer.cuh">
      <Filter>Header Files</Filter>
    </CudaCompile>
    <CudaCompile Include="src\FrameBuffer.cuh">
      <Filter>Header Files</Filter>
    </CudaCompile>
    <CudaCompile Include="src\FrameBuffer.cu">
      <Filter>Source Files</Filter>
    </CudaCompile>
    <CudaCompile Include="src\ray.cu">
      <Filter>Source Files</Filter>
    </CudaCompile>
    <CudaCompile Include="src\ray.cuh">
      <Filter>Header Files</Filter>
    </CudaCompile>
    <CudaCompile Include="src\Error.cu" />
    <CudaCompile Include="src\materials\material.h">
      <Filter>Header Files</Filter>
    </CudaCompile>
    <CudaCompile Include="src\rand.cc">
      <Filter>Source Files</Filter>
    </CudaCompile>
    <CudaCompile Include="src\rand.h">
      <Filter>Header Files</Filter>
    </CudaCompile>
    <CudaCompile Include="src\visibles\Triangle.cu" />
    <CudaCompile Include="src\visibles\Mesh.cu" />
    <CudaCompile Include="src\visibles\TriangleView.cu" />
    <CudaCompile Include="src\test_kernel.cu" />
    <CudaCompile Include="src\CUDAIntersectionEngine.cuh">
      <Filter>Header Files</Filter>
    </CudaCompile>
    <CudaCompile Include="src\CUDAIntersectionEngine.cu">
      <Filter>Source Files</Filter>
    </CudaCompile>
    <CudaCompile Include="src\CUDAScan.cuh">
      <Filter>Header Files</Filter>
    </CudaCompile>
    <CudaCompile Include="src\CUDAScan.cu" />
    <CudaCompile Include="test\CUDAScanTest.cuh">
      <Filter>Header Files</Filter>
    </CudaCompile>
    <CudaCompile Include="test\CUDAScanTest.cu" />
    <CudaCompile Include="src\Scene.cuh">
      <Filter>Header Files</Filter>
    </CudaCompile>
    <CudaCompile Include="src\Scene.cu">
      <Filter>Source Files</Filter>
    </CudaCompile>
    <CudaCompile Include="src\Camera.cu">
      <Filter>Source Files</Filter>
    </CudaCompile>
    <CudaCompile Include="src\Camera.cuh">
      <Filter>Header Files</Filter>
    </CudaCompile>
    <CudaCompile Include="src\SceneBuilders.cuh" />
    <CudaCompile Include="src\GPURayTracerKernels.cu" />
    <CudaCompile Include="src\SceneBuilders.cu" />
  </ItemGroup>
  <ItemGroup>
    <None Include="src\Array.tu" />
    <None Include="src\UnifiedArray.tu" />
    <None Include="ClassDiagram.cd" />
  </ItemGroup>
</Project>