<?xml version="1.0" encoding="utf-8"?>
<Project ToolsVersion="4.0" xmlns="http://schemas.microsoft.com/developer/msbuild/2003">
  <ItemGroup>
    <Filter Include="Source Files">
      <UniqueIdentifier>{4FC737F1-C7A5-4376-A066-2A32D752A2FF}</UniqueIdentifier>
      <Extensions>cpp;c;cc;cxx;def;odl;idl;hpj;bat;asm;asmx</Extensions>
    </Filter>
    <Filter Include="Header Files">
      <UniqueIdentifier>{93995380-89BD-4b04-88EB-625FBE52EBFB}</UniqueIdentifier>
      <Extensions>h;hh;hpp;hxx;hm;inl;inc;xsd</Extensions>
    </Filter>
    <Filter Include="Resource Files">
      <UniqueIdentifier>{67DA6AB6-F800-4c08-8B7A-83BB121AAD01}</UniqueIdentifier>
      <Extensions>rc;ico;cur;bmp;dlg;rc2;rct;bin;rgs;gif;jpg;jpeg;jpe;resx;tiff;tif;png;wav</Extensions>
    </Filter>
  </ItemGroup>
  <ItemGroup>
    <ClCompile Include="src\main.cc">
      <Filter>Source Files</Filter>
    </ClCompile>
    <ClCompile Include="src\utility\CameraConfig.cpp">
      <Filter>Source Files</Filter>
    </ClCompile>
    <ClCompile Include="src\utility\Config.cpp">
      <Filter>Source Files</Filter>
    </ClCompile>
    <ClCompile Include="src\utility\KernelLaunchParams.cpp">
      <Filter>Source Files</Filter>
    </ClCompile>
    <ClCompile Include="src\utility\RayTracerConfig.cpp">
      <Filter>Source Files</Filter>
    </ClCompile>
  </ItemGroup>
  <ItemGroup>
    <ClInclude Include="include\palette.h">
      <Filter>Header Files</Filter>
    </ClInclude>
    <ClInclude Include="src\visibles\visible.h">
      <Filter>Header Files</Filter>
    </ClInclude>
    <ClInclude Include="src\visibles\CUDASphere.cuh" />
    <ClInclude Include="src\visibles\CUDAVisible.cuh" />
    <ClInclude Include="src\Scenes.h">
      <Filter>Header Files</Filter>
    </ClInclude>
    <ClInclude Include="include\json.hpp">
      <Filter>Header Files</Filter>
    </ClInclude>
    <ClInclude Include="src\visibles\Triangle.cuh" />
    <ClInclude Include="src\visibles\Mesh.cuh" />
    <ClInclude Include="src\visibles\TriangleView.cuh" />
    <ClInclude Include="src\test_kernel.cuh" />
    <ClInclude Include="src\geometry\Intersection.h">
      <Filter>Header Files</Filter>
    </ClInclude>
    <ClInclude Include="src\maths\mat3.h">
      <Filter>Header Files</Filter>
    </ClInclude>
    <ClInclude Include="src\memory\CUDAAllocator.h">
      <Filter>Header Files</Filter>
    </ClInclude>
    <ClInclude Include="src\memory\ManagedPtr.h">
      <Filter>Header Files</Filter>
    </ClInclude>
    <ClInclude Include="src\utility\CameraConfig.h">
      <Filter>Header Files</Filter>
    </ClInclude>
    <ClInclude Include="src\utility\Config.h">
      <Filter>Header Files</Filter>
    </ClInclude>
    <ClInclude Include="src\utility\KernelLaunchParams.h">
      <Filter>Header Files</Filter>
    </ClInclude>
    <ClInclude Include="src\utility\RayTracerConfig.h">
      <Filter>Header Files</Filter>
    </ClInclude>
    <ClInclude Include="src\geometry\ray.cuh" />
    <ClInclude Include="src\geometry\Scene.cuh" />
    <ClInclude Include="src\geometry\SceneBuilders.cuh" />
    <ClInclude Include="src\memory\Managed.cuh" />
    <ClInclude Include="src\memory\UnifiedArray.cuh" />
    <ClInclude Include="src\rendering\FrameBuffer.cuh" />
    <ClInclude Include="src\rendering\GPURayTracer.cuh" />
    <ClInclude Include="src\rendering\GPURayTracerKernels.cuh" />
  </ItemGroup>
  <ItemGroup>
    <CudaCompile Include="src\visibles\CUDASphere.cu" />
    <CudaCompile Include="src\visibles\Triangle.cu" />
    <CudaCompile Include="src\visibles\Mesh.cu" />
    <CudaCompile Include="src\visibles\TriangleView.cu" />
    <CudaCompile Include="src\test_kernel.cu" />
    <CudaCompile Include="test\CUDAScanTest.cuh">
      <Filter>Header Files</Filter>
    </CudaCompile>
    <CudaCompile Include="test\CUDAScanTest.cu" />
    <CudaCompile Include="src\algorithms\CUDAScan.cu" />
    <CudaCompile Include="src\algorithms\CUDAScan.cuh" />
    <CudaCompile Include="src\geometry\Camera.cu" />
    <CudaCompile Include="src\geometry\ray.cu" />
    <CudaCompile Include="src\geometry\Scene.cu" />
    <CudaCompile Include="src\geometry\SceneBuilders.cu" />
    <CudaCompile Include="src\geometry\Camera.cuh" />
    <CudaCompile Include="src\maths\vec3.cuh" />
    <CudaCompile Include="src\memory\Array.cuh" />
    <CudaCompile Include="src\rendering\CUDAIntersectionEngine.cu" />
    <CudaCompile Include="src\rendering\FrameBuffer.cu" />
    <CudaCompile Include="src\rendering\GPURayTracer.cu" />
    <CudaCompile Include="src\rendering\GPURayTracerKernels.cu" />
    <CudaCompile Include="src\rendering\CUDAIntersectionEngine.cuh" />
    <CudaCompile Include="src\utility\Error.cu" />
    <CudaCompile Include="src\utility\Error.cuh" />
    <CudaCompile Include="src\maths\rand.cu">
      <Filter>Source Files</Filter>
    </CudaCompile>
    <CudaCompile Include="src\maths\rand.cuh">
      <Filter>Header Files</Filter>
    </CudaCompile>
  </ItemGroup>
  <ItemGroup>
    <None Include="ClassDiagram.cd" />
    <None Include="src\memory\UnifiedArray.tu" />
    <None Include="src\memory\Array.tu" />
  </ItemGroup>
</Project>